// !$*UTF8*$!
{
	archiveVersion = 1;
	classes = {
	};
	objectVersion = 55;
	objects = {

/* Begin PBXBuildFile section */
		04B5C5FB2AD43F62002482B3 /* AppDelegate.swift in Sources */ = {isa = PBXBuildFile; fileRef = 04B5C5FA2AD43F62002482B3 /* AppDelegate.swift */; };
		04B5C5FD2AD43F62002482B3 /* SceneDelegate.swift in Sources */ = {isa = PBXBuildFile; fileRef = 04B5C5FC2AD43F62002482B3 /* SceneDelegate.swift */; };
		04B5C5FF2AD43F62002482B3 /* ViewController.swift in Sources */ = {isa = PBXBuildFile; fileRef = 04B5C5FE2AD43F62002482B3 /* ViewController.swift */; };
		04B5C6022AD43F62002482B3 /* Main.storyboard in Resources */ = {isa = PBXBuildFile; fileRef = 04B5C6002AD43F62002482B3 /* Main.storyboard */; };
		04B5C6052AD43F62002482B3 /* CoreDataPractice.xcdatamodeld in Sources */ = {isa = PBXBuildFile; fileRef = 04B5C6032AD43F62002482B3 /* CoreDataPractice.xcdatamodeld */; };
		04B5C6072AD43F65002482B3 /* Assets.xcassets in Resources */ = {isa = PBXBuildFile; fileRef = 04B5C6062AD43F65002482B3 /* Assets.xcassets */; };
		04B5C60A2AD43F65002482B3 /* LaunchScreen.storyboard in Resources */ = {isa = PBXBuildFile; fileRef = 04B5C6082AD43F65002482B3 /* LaunchScreen.storyboard */; };
		04B5C6152AD43F65002482B3 /* CoreDataPracticeTests.swift in Sources */ = {isa = PBXBuildFile; fileRef = 04B5C6142AD43F65002482B3 /* CoreDataPracticeTests.swift */; };
		04B5C61F2AD43F66002482B3 /* CoreDataPracticeUITests.swift in Sources */ = {isa = PBXBuildFile; fileRef = 04B5C61E2AD43F66002482B3 /* CoreDataPracticeUITests.swift */; };
		04B5C6212AD43F66002482B3 /* CoreDataPracticeUITestsLaunchTests.swift in Sources */ = {isa = PBXBuildFile; fileRef = 04B5C6202AD43F66002482B3 /* CoreDataPracticeUITestsLaunchTests.swift */; };
/* End PBXBuildFile section */

/* Begin PBXContainerItemProxy section */
		04B5C6112AD43F65002482B3 /* PBXContainerItemProxy */ = {
			isa = PBXContainerItemProxy;
			containerPortal = 04B5C5EF2AD43F62002482B3 /* Project object */;
			proxyType = 1;
			remoteGlobalIDString = 04B5C5F62AD43F62002482B3;
			remoteInfo = CoreDataPractice;
		};
		04B5C61B2AD43F66002482B3 /* PBXContainerItemProxy */ = {
			isa = PBXContainerItemProxy;
			containerPortal = 04B5C5EF2AD43F62002482B3 /* Project object */;
			proxyType = 1;
			remoteGlobalIDString = 04B5C5F62AD43F62002482B3;
			remoteInfo = CoreDataPractice;
		};
/* End PBXContainerItemProxy section */

/* Begin PBXFileReference section */
		04B5C5F72AD43F62002482B3 /* CoreDataPractice.app */ = {isa = PBXFileReference; explicitFileType = wrapper.application; includeInIndex = 0; path = CoreDataPractice.app; sourceTree = BUILT_PRODUCTS_DIR; };
		04B5C5FA2AD43F62002482B3 /* AppDelegate.swift */ = {isa = PBXFileReference; lastKnownFileType = sourcecode.swift; path = AppDelegate.swift; sourceTree = "<group>"; };
		04B5C5FC2AD43F62002482B3 /* SceneDelegate.swift */ = {isa = PBXFileReference; lastKnownFileType = sourcecode.swift; path = SceneDelegate.swift; sourceTree = "<group>"; };
		04B5C5FE2AD43F62002482B3 /* ViewController.swift */ = {isa = PBXFileReference; lastKnownFileType = sourcecode.swift; path = ViewController.swift; sourceTree = "<group>"; };
		04B5C6012AD43F62002482B3 /* Base */ = {isa = PBXFileReference; lastKnownFileType = file.storyboard; name = Base; path = Base.lproj/Main.storyboard; sourceTree = "<group>"; };
		04B5C6042AD43F62002482B3 /* CoreDataPractice.xcdatamodel */ = {isa = PBXFileReference; lastKnownFileType = wrapper.xcdatamodel; path = CoreDataPractice.xcdatamodel; sourceTree = "<group>"; };
		04B5C6062AD43F65002482B3 /* Assets.xcassets */ = {isa = PBXFileReference; lastKnownFileType = folder.assetcatalog; path = Assets.xcassets; sourceTree = "<group>"; };
		04B5C6092AD43F65002482B3 /* Base */ = {isa = PBXFileReference; lastKnownFileType = file.storyboard; name = Base; path = Base.lproj/LaunchScreen.storyboard; sourceTree = "<group>"; };
		04B5C60B2AD43F65002482B3 /* Info.plist */ = {isa = PBXFileReference; lastKnownFileType = text.plist.xml; path = Info.plist; sourceTree = "<group>"; };
		04B5C6102AD43F65002482B3 /* CoreDataPracticeTests.xctest */ = {isa = PBXFileReference; explicitFileType = wrapper.cfbundle; includeInIndex = 0; path = CoreDataPracticeTests.xctest; sourceTree = BUILT_PRODUCTS_DIR; };
		04B5C6142AD43F65002482B3 /* CoreDataPracticeTests.swift */ = {isa = PBXFileReference; lastKnownFileType = sourcecode.swift; path = CoreDataPracticeTests.swift; sourceTree = "<group>"; };
		04B5C61A2AD43F66002482B3 /* CoreDataPracticeUITests.xctest */ = {isa = PBXFileReference; explicitFileType = wrapper.cfbundle; includeInIndex = 0; path = CoreDataPracticeUITests.xctest; sourceTree = BUILT_PRODUCTS_DIR; };
		04B5C61E2AD43F66002482B3 /* CoreDataPracticeUITests.swift */ = {isa = PBXFileReference; lastKnownFileType = sourcecode.swift; path = CoreDataPracticeUITests.swift; sourceTree = "<group>"; };
		04B5C6202AD43F66002482B3 /* CoreDataPracticeUITestsLaunchTests.swift */ = {isa = PBXFileReference; lastKnownFileType = sourcecode.swift; path = CoreDataPracticeUITestsLaunchTests.swift; sourceTree = "<group>"; };
/* End PBXFileReference section */

/* Begin PBXFrameworksBuildPhase section */
		04B5C5F42AD43F62002482B3 /* Frameworks */ = {
			isa = PBXFrameworksBuildPhase;
			buildActionMask = 2147483647;
			files = (
			);
			runOnlyForDeploymentPostprocessing = 0;
		};
		04B5C60D2AD43F65002482B3 /* Frameworks */ = {
			isa = PBXFrameworksBuildPhase;
			buildActionMask = 2147483647;
			files = (
			);
			runOnlyForDeploymentPostprocessing = 0;
		};
		04B5C6172AD43F66002482B3 /* Frameworks */ = {
			isa = PBXFrameworksBuildPhase;
			buildActionMask = 2147483647;
			files = (
			);
			runOnlyForDeploymentPostprocessing = 0;
		};
/* End PBXFrameworksBuildPhase section */

/* Begin PBXGroup section */
		04B5C5EE2AD43F62002482B3 = {
			isa = PBXGroup;
			children = (
				04B5C5F92AD43F62002482B3 /* CoreDataPractice */,
				04B5C6132AD43F65002482B3 /* CoreDataPracticeTests */,
				04B5C61D2AD43F66002482B3 /* CoreDataPracticeUITests */,
				04B5C5F82AD43F62002482B3 /* Products */,
			);
			sourceTree = "<group>";
		};
		04B5C5F82AD43F62002482B3 /* Products */ = {
			isa = PBXGroup;
			children = (
				04B5C5F72AD43F62002482B3 /* CoreDataPractice.app */,
				04B5C6102AD43F65002482B3 /* CoreDataPracticeTests.xctest */,
				04B5C61A2AD43F66002482B3 /* CoreDataPracticeUITests.xctest */,
			);
			name = Products;
			sourceTree = "<group>";
		};
		04B5C5F92AD43F62002482B3 /* CoreDataPractice */ = {
			isa = PBXGroup;
			children = (
				04B5C5FA2AD43F62002482B3 /* AppDelegate.swift */,
				04B5C5FC2AD43F62002482B3 /* SceneDelegate.swift */,
				04B5C5FE2AD43F62002482B3 /* ViewController.swift */,
				04B5C6002AD43F62002482B3 /* Main.storyboard */,
				04B5C6062AD43F65002482B3 /* Assets.xcassets */,
				04B5C6082AD43F65002482B3 /* LaunchScreen.storyboard */,
				04B5C60B2AD43F65002482B3 /* Info.plist */,
				04B5C6032AD43F62002482B3 /* CoreDataPractice.xcdatamodeld */,
			);
			path = CoreDataPractice;
			sourceTree = "<group>";
		};
		04B5C6132AD43F65002482B3 /* CoreDataPracticeTests */ = {
			isa = PBXGroup;
			children = (
				04B5C6142AD43F65002482B3 /* CoreDataPracticeTests.swift */,
			);
			path = CoreDataPracticeTests;
			sourceTree = "<group>";
		};
		04B5C61D2AD43F66002482B3 /* CoreDataPracticeUITests */ = {
			isa = PBXGroup;
			children = (
				04B5C61E2AD43F66002482B3 /* CoreDataPracticeUITests.swift */,
				04B5C6202AD43F66002482B3 /* CoreDataPracticeUITestsLaunchTests.swift */,
			);
			path = CoreDataPracticeUITests;
			sourceTree = "<group>";
		};
/* End PBXGroup section */

/* Begin PBXNativeTarget section */
		04B5C5F62AD43F62002482B3 /* CoreDataPractice */ = {
			isa = PBXNativeTarget;
			buildConfigurationList = 04B5C6242AD43F66002482B3 /* Build configuration list for PBXNativeTarget "CoreDataPractice" */;
			buildPhases = (
				04B5C5F32AD43F62002482B3 /* Sources */,
				04B5C5F42AD43F62002482B3 /* Frameworks */,
				04B5C5F52AD43F62002482B3 /* Resources */,
			);
			buildRules = (
			);
			dependencies = (
			);
			name = CoreDataPractice;
			productName = CoreDataPractice;
			productReference = 04B5C5F72AD43F62002482B3 /* CoreDataPractice.app */;
			productType = "com.apple.product-type.application";
		};
		04B5C60F2AD43F65002482B3 /* CoreDataPracticeTests */ = {
			isa = PBXNativeTarget;
			buildConfigurationList = 04B5C6272AD43F66002482B3 /* Build configuration list for PBXNativeTarget "CoreDataPracticeTests" */;
			buildPhases = (
				04B5C60C2AD43F65002482B3 /* Sources */,
				04B5C60D2AD43F65002482B3 /* Frameworks */,
				04B5C60E2AD43F65002482B3 /* Resources */,
			);
			buildRules = (
			);
			dependencies = (
				04B5C6122AD43F65002482B3 /* PBXTargetDependency */,
			);
			name = CoreDataPracticeTests;
			productName = CoreDataPracticeTests;
			productReference = 04B5C6102AD43F65002482B3 /* CoreDataPracticeTests.xctest */;
			productType = "com.apple.product-type.bundle.unit-test";
		};
		04B5C6192AD43F66002482B3 /* CoreDataPracticeUITests */ = {
			isa = PBXNativeTarget;
			buildConfigurationList = 04B5C62A2AD43F66002482B3 /* Build configuration list for PBXNativeTarget "CoreDataPracticeUITests" */;
			buildPhases = (
				04B5C6162AD43F66002482B3 /* Sources */,
				04B5C6172AD43F66002482B3 /* Frameworks */,
				04B5C6182AD43F66002482B3 /* Resources */,
			);
			buildRules = (
			);
			dependencies = (
				04B5C61C2AD43F66002482B3 /* PBXTargetDependency */,
			);
			name = CoreDataPracticeUITests;
			productName = CoreDataPracticeUITests;
			productReference = 04B5C61A2AD43F66002482B3 /* CoreDataPracticeUITests.xctest */;
			productType = "com.apple.product-type.bundle.ui-testing";
		};
/* End PBXNativeTarget section */

/* Begin PBXProject section */
		04B5C5EF2AD43F62002482B3 /* Project object */ = {
			isa = PBXProject;
			attributes = {
				BuildIndependentTargetsInParallel = 1;
				LastSwiftUpdateCheck = 1340;
				LastUpgradeCheck = 1340;
				TargetAttributes = {
					04B5C5F62AD43F62002482B3 = {
						CreatedOnToolsVersion = 13.4.1;
					};
					04B5C60F2AD43F65002482B3 = {
						CreatedOnToolsVersion = 13.4.1;
						TestTargetID = 04B5C5F62AD43F62002482B3;
					};
					04B5C6192AD43F66002482B3 = {
						CreatedOnToolsVersion = 13.4.1;
						TestTargetID = 04B5C5F62AD43F62002482B3;
					};
				};
			};
			buildConfigurationList = 04B5C5F22AD43F62002482B3 /* Build configuration list for PBXProject "CoreDataPractice" */;
			compatibilityVersion = "Xcode 13.0";
			developmentRegion = en;
			hasScannedForEncodings = 0;
			knownRegions = (
				en,
				Base,
			);
			mainGroup = 04B5C5EE2AD43F62002482B3;
			productRefGroup = 04B5C5F82AD43F62002482B3 /* Products */;
			projectDirPath = "";
			projectRoot = "";
			targets = (
				04B5C5F62AD43F62002482B3 /* CoreDataPractice */,
				04B5C60F2AD43F65002482B3 /* CoreDataPracticeTests */,
				04B5C6192AD43F66002482B3 /* CoreDataPracticeUITests */,
			);
		};
/* End PBXProject section */

/* Begin PBXResourcesBuildPhase section */
		04B5C5F52AD43F62002482B3 /* Resources */ = {
			isa = PBXResourcesBuildPhase;
			buildActionMask = 2147483647;
			files = (
				04B5C60A2AD43F65002482B3 /* LaunchScreen.storyboard in Resources */,
				04B5C6072AD43F65002482B3 /* Assets.xcassets in Resources */,
				04B5C6022AD43F62002482B3 /* Main.storyboard in Resources */,
			);
			runOnlyForDeploymentPostprocessing = 0;
		};
		04B5C60E2AD43F65002482B3 /* Resources */ = {
			isa = PBXResourcesBuildPhase;
			buildActionMask = 2147483647;
			files = (
			);
			runOnlyForDeploymentPostprocessing = 0;
		};
		04B5C6182AD43F66002482B3 /* Resources */ = {
			isa = PBXResourcesBuildPhase;
			buildActionMask = 2147483647;
			files = (
			);
			runOnlyForDeploymentPostprocessing = 0;
		};
/* End PBXResourcesBuildPhase section */

/* Begin PBXSourcesBuildPhase section */
		04B5C5F32AD43F62002482B3 /* Sources */ = {
			isa = PBXSourcesBuildPhase;
			buildActionMask = 2147483647;
			files = (
				04B5C5FF2AD43F62002482B3 /* ViewController.swift in Sources */,
				04B5C5FB2AD43F62002482B3 /* AppDelegate.swift in Sources */,
				04B5C5FD2AD43F62002482B3 /* SceneDelegate.swift in Sources */,
				04B5C6052AD43F62002482B3 /* CoreDataPractice.xcdatamodeld in Sources */,
			);
			runOnlyForDeploymentPostprocessing = 0;
		};
		04B5C60C2AD43F65002482B3 /* Sources */ = {
			isa = PBXSourcesBuildPhase;
			buildActionMask = 2147483647;
			files = (
				04B5C6152AD43F65002482B3 /* CoreDataPracticeTests.swift in Sources */,
			);
			runOnlyForDeploymentPostprocessing = 0;
		};
		04B5C6162AD43F66002482B3 /* Sources */ = {
			isa = PBXSourcesBuildPhase;
			buildActionMask = 2147483647;
			files = (
				04B5C6212AD43F66002482B3 /* CoreDataPracticeUITestsLaunchTests.swift in Sources */,
				04B5C61F2AD43F66002482B3 /* CoreDataPracticeUITests.swift in Sources */,
			);
			runOnlyForDeploymentPostprocessing = 0;
		};
/* End PBXSourcesBuildPhase section */

/* Begin PBXTargetDependency section */
		04B5C6122AD43F65002482B3 /* PBXTargetDependency */ = {
			isa = PBXTargetDependency;
			target = 04B5C5F62AD43F62002482B3 /* CoreDataPractice */;
			targetProxy = 04B5C6112AD43F65002482B3 /* PBXContainerItemProxy */;
		};
		04B5C61C2AD43F66002482B3 /* PBXTargetDependency */ = {
			isa = PBXTargetDependency;
			target = 04B5C5F62AD43F62002482B3 /* CoreDataPractice */;
			targetProxy = 04B5C61B2AD43F66002482B3 /* PBXContainerItemProxy */;
		};
/* End PBXTargetDependency section */

/* Begin PBXVariantGroup section */
		04B5C6002AD43F62002482B3 /* Main.storyboard */ = {
			isa = PBXVariantGroup;
			children = (
				04B5C6012AD43F62002482B3 /* Base */,
			);
			name = Main.storyboard;
			sourceTree = "<group>";
		};
		04B5C6082AD43F65002482B3 /* LaunchScreen.storyboard */ = {
			isa = PBXVariantGroup;
			children = (
				04B5C6092AD43F65002482B3 /* Base */,
			);
			name = LaunchScreen.storyboard;
			sourceTree = "<group>";
		};
/* End PBXVariantGroup section */

/* Begin XCBuildConfiguration section */
		04B5C6222AD43F66002482B3 /* Debug */ = {
			isa = XCBuildConfiguration;
			buildSettings = {
				ALWAYS_SEARCH_USER_PATHS = NO;
				CLANG_ANALYZER_NONNULL = YES;
				CLANG_ANALYZER_NUMBER_OBJECT_CONVERSION = YES_AGGRESSIVE;
				CLANG_CXX_LANGUAGE_STANDARD = "gnu++17";
				CLANG_ENABLE_MODULES = YES;
				CLANG_ENABLE_OBJC_ARC = YES;
				CLANG_ENABLE_OBJC_WEAK = YES;
				CLANG_WARN_BLOCK_CAPTURE_AUTORELEASING = YES;
				CLANG_WARN_BOOL_CONVERSION = YES;
				CLANG_WARN_COMMA = YES;
				CLANG_WARN_CONSTANT_CONVERSION = YES;
				CLANG_WARN_DEPRECATED_OBJC_IMPLEMENTATIONS = YES;
				CLANG_WARN_DIRECT_OBJC_ISA_USAGE = YES_ERROR;
				CLANG_WARN_DOCUMENTATION_COMMENTS = YES;
				CLANG_WARN_EMPTY_BODY = YES;
				CLANG_WARN_ENUM_CONVERSION = YES;
				CLANG_WARN_INFINITE_RECURSION = YES;
				CLANG_WARN_INT_CONVERSION = YES;
				CLANG_WARN_NON_LITERAL_NULL_CONVERSION = YES;
				CLANG_WARN_OBJC_IMPLICIT_RETAIN_SELF = YES;
				CLANG_WARN_OBJC_LITERAL_CONVERSION = YES;
				CLANG_WARN_OBJC_ROOT_CLASS = YES_ERROR;
				CLANG_WARN_QUOTED_INCLUDE_IN_FRAMEWORK_HEADER = YES;
				CLANG_WARN_RANGE_LOOP_ANALYSIS = YES;
				CLANG_WARN_STRICT_PROTOTYPES = YES;
				CLANG_WARN_SUSPICIOUS_MOVE = YES;
				CLANG_WARN_UNGUARDED_AVAILABILITY = YES_AGGRESSIVE;
				CLANG_WARN_UNREACHABLE_CODE = YES;
				CLANG_WARN__DUPLICATE_METHOD_MATCH = YES;
				COPY_PHASE_STRIP = NO;
				DEBUG_INFORMATION_FORMAT = dwarf;
				ENABLE_STRICT_OBJC_MSGSEND = YES;
				ENABLE_TESTABILITY = YES;
				GCC_C_LANGUAGE_STANDARD = gnu11;
				GCC_DYNAMIC_NO_PIC = NO;
				GCC_NO_COMMON_BLOCKS = YES;
				GCC_OPTIMIZATION_LEVEL = 0;
				GCC_PREPROCESSOR_DEFINITIONS = (
					"DEBUG=1",
					"$(inherited)",
				);
				GCC_WARN_64_TO_32_BIT_CONVERSION = YES;
				GCC_WARN_ABOUT_RETURN_TYPE = YES_ERROR;
				GCC_WARN_UNDECLARED_SELECTOR = YES;
				GCC_WARN_UNINITIALIZED_AUTOS = YES_AGGRESSIVE;
				GCC_WARN_UNUSED_FUNCTION = YES;
				GCC_WARN_UNUSED_VARIABLE = YES;
				IPHONEOS_DEPLOYMENT_TARGET = 15.5;
				MTL_ENABLE_DEBUG_INFO = INCLUDE_SOURCE;
				MTL_FAST_MATH = YES;
				ONLY_ACTIVE_ARCH = YES;
				SDKROOT = iphoneos;
				SWIFT_ACTIVE_COMPILATION_CONDITIONS = DEBUG;
				SWIFT_OPTIMIZATION_LEVEL = "-Onone";
			};
			name = Debug;
		};
		04B5C6232AD43F66002482B3 /* Release */ = {
			isa = XCBuildConfiguration;
			buildSettings = {
				ALWAYS_SEARCH_USER_PATHS = NO;
				CLANG_ANALYZER_NONNULL = YES;
				CLANG_ANALYZER_NUMBER_OBJECT_CONVERSION = YES_AGGRESSIVE;
				CLANG_CXX_LANGUAGE_STANDARD = "gnu++17";
				CLANG_ENABLE_MODULES = YES;
				CLANG_ENABLE_OBJC_ARC = YES;
				CLANG_ENABLE_OBJC_WEAK = YES;
				CLANG_WARN_BLOCK_CAPTURE_AUTORELEASING = YES;
				CLANG_WARN_BOOL_CONVERSION = YES;
				CLANG_WARN_COMMA = YES;
				CLANG_WARN_CONSTANT_CONVERSION = YES;
				CLANG_WARN_DEPRECATED_OBJC_IMPLEMENTATIONS = YES;
				CLANG_WARN_DIRECT_OBJC_ISA_USAGE = YES_ERROR;
				CLANG_WARN_DOCUMENTATION_COMMENTS = YES;
				CLANG_WARN_EMPTY_BODY = YES;
				CLANG_WARN_ENUM_CONVERSION = YES;
				CLANG_WARN_INFINITE_RECURSION = YES;
				CLANG_WARN_INT_CONVERSION = YES;
				CLANG_WARN_NON_LITERAL_NULL_CONVERSION = YES;
				CLANG_WARN_OBJC_IMPLICIT_RETAIN_SELF = YES;
				CLANG_WARN_OBJC_LITERAL_CONVERSION = YES;
				CLANG_WARN_OBJC_ROOT_CLASS = YES_ERROR;
				CLANG_WARN_QUOTED_INCLUDE_IN_FRAMEWORK_HEADER = YES;
				CLANG_WARN_RANGE_LOOP_ANALYSIS = YES;
				CLANG_WARN_STRICT_PROTOTYPES = YES;
				CLANG_WARN_SUSPICIOUS_MOVE = YES;
				CLANG_WARN_UNGUARDED_AVAILABILITY = YES_AGGRESSIVE;
				CLANG_WARN_UNREACHABLE_CODE = YES;
				CLANG_WARN__DUPLICATE_METHOD_MATCH = YES;
				COPY_PHASE_STRIP = NO;
				DEBUG_INFORMATION_FORMAT = "dwarf-with-dsym";
				ENABLE_NS_ASSERTIONS = NO;
				ENABLE_STRICT_OBJC_MSGSEND = YES;
				GCC_C_LANGUAGE_STANDARD = gnu11;
				GCC_NO_COMMON_BLOCKS = YES;
				GCC_WARN_64_TO_32_BIT_CONVERSION = YES;
				GCC_WARN_ABOUT_RETURN_TYPE = YES_ERROR;
				GCC_WARN_UNDECLARED_SELECTOR = YES;
				GCC_WARN_UNINITIALIZED_AUTOS = YES_AGGRESSIVE;
				GCC_WARN_UNUSED_FUNCTION = YES;
				GCC_WARN_UNUSED_VARIABLE = YES;
				IPHONEOS_DEPLOYMENT_TARGET = 15.5;
				MTL_ENABLE_DEBUG_INFO = NO;
				MTL_FAST_MATH = YES;
				SDKROOT = iphoneos;
				SWIFT_COMPILATION_MODE = wholemodule;
				SWIFT_OPTIMIZATION_LEVEL = "-O";
				VALIDATE_PRODUCT = YES;
			};
			name = Release;
		};
		04B5C6252AD43F66002482B3 /* Debug */ = {
			isa = XCBuildConfiguration;
			buildSettings = {
				ASSETCATALOG_COMPILER_APPICON_NAME = AppIcon;
				ASSETCATALOG_COMPILER_GLOBAL_ACCENT_COLOR_NAME = AccentColor;
				CODE_SIGN_STYLE = Automatic;
				CURRENT_PROJECT_VERSION = 1;
				GENERATE_INFOPLIST_FILE = YES;
				INFOPLIST_FILE = CoreDataPractice/Info.plist;
				INFOPLIST_KEY_UIApplicationSupportsIndirectInputEvents = YES;
				INFOPLIST_KEY_UILaunchStoryboardName = LaunchScreen;
				INFOPLIST_KEY_UIMainStoryboardFile = Main;
				INFOPLIST_KEY_UISupportedInterfaceOrientations_iPad = "UIInterfaceOrientationPortrait UIInterfaceOrientationPortraitUpsideDown UIInterfaceOrientationLandscapeLeft UIInterfaceOrientationLandscapeRight";
				INFOPLIST_KEY_UISupportedInterfaceOrientations_iPhone = "UIInterfaceOrientationPortrait UIInterfaceOrientationLandscapeLeft UIInterfaceOrientationLandscapeRight";
				LD_RUNPATH_SEARCH_PATHS = (
					"$(inherited)",
					"@executable_path/Frameworks",
				);
				MARKETING_VERSION = 1.0;
				PRODUCT_BUNDLE_IDENTIFIER = com.app.razorpay.CoreDataPractice;
				PRODUCT_NAME = "$(TARGET_NAME)";
				SWIFT_EMIT_LOC_STRINGS = YES;
				SWIFT_VERSION = 5.0;
				TARGETED_DEVICE_FAMILY = "1,2";
			};
			name = Debug;
		};
		04B5C6262AD43F66002482B3 /* Release */ = {
			isa = XCBuildConfiguration;
			buildSettings = {
				ASSETCATALOG_COMPILER_APPICON_NAME = AppIcon;
				ASSETCATALOG_COMPILER_GLOBAL_ACCENT_COLOR_NAME = AccentColor;
				CODE_SIGN_STYLE = Automatic;
				CURRENT_PROJECT_VERSION = 1;
				GENERATE_INFOPLIST_FILE = YES;
				INFOPLIST_FILE = CoreDataPractice/Info.plist;
				INFOPLIST_KEY_UIApplicationSupportsIndirectInputEvents = YES;
				INFOPLIST_KEY_UILaunchStoryboardName = LaunchScreen;
				INFOPLIST_KEY_UIMainStoryboardFile = Main;
				INFOPLIST_KEY_UISupportedInterfaceOrientations_iPad = "UIInterfaceOrientationPortrait UIInterfaceOrientationPortraitUpsideDown UIInterfaceOrientationLandscapeLeft UIInterfaceOrientationLandscapeRight";
				INFOPLIST_KEY_UISupportedInterfaceOrientations_iPhone = "UIInterfaceOrientationPortrait UIInterfaceOrientationLandscapeLeft UIInterfaceOrientationLandscapeRight";
				LD_RUNPATH_SEARCH_PATHS = (
					"$(inherited)",
					"@executable_path/Frameworks",
				);
				MARKETING_VERSION = 1.0;
				PRODUCT_BUNDLE_IDENTIFIER = com.app.razorpay.CoreDataPractice;
				PRODUCT_NAME = "$(TARGET_NAME)";
				SWIFT_EMIT_LOC_STRINGS = YES;
				SWIFT_VERSION = 5.0;
				TARGETED_DEVICE_FAMILY = "1,2";
			};
			name = Release;
		};
		04B5C6282AD43F66002482B3 /* Debug */ = {
			isa = XCBuildConfiguration;
			buildSettings = {
				ALWAYS_EMBED_SWIFT_STANDARD_LIBRARIES = YES;
				BUNDLE_LOADER = "$(TEST_HOST)";
				CODE_SIGN_STYLE = Automatic;
				CURRENT_PROJECT_VERSION = 1;
				GENERATE_INFOPLIST_FILE = YES;
				IPHONEOS_DEPLOYMENT_TARGET = 15.5;
				MARKETING_VERSION = 1.0;
				PRODUCT_BUNDLE_IDENTIFIER = com.app.razorpay.CoreDataPracticeTests;
				PRODUCT_NAME = "$(TARGET_NAME)";
				SWIFT_EMIT_LOC_STRINGS = NO;
				SWIFT_VERSION = 5.0;
				TARGETED_DEVICE_FAMILY = "1,2";
				TEST_HOST = "$(BUILT_PRODUCTS_DIR)/CoreDataPractice.app/CoreDataPractice";
			};
			name = Debug;
		};
		04B5C6292AD43F66002482B3 /* Release */ = {
			isa = XCBuildConfiguration;
			buildSettings = {
				ALWAYS_EMBED_SWIFT_STANDARD_LIBRARIES = YES;
				BUNDLE_LOADER = "$(TEST_HOST)";
				CODE_SIGN_STYLE = Automatic;
				CURRENT_PROJECT_VERSION = 1;
				GENERATE_INFOPLIST_FILE = YES;
				IPHONEOS_DEPLOYMENT_TARGET = 15.5;
				MARKETING_VERSION = 1.0;
				PRODUCT_BUNDLE_IDENTIFIER = com.app.razorpay.CoreDataPracticeTests;
				PRODUCT_NAME = "$(TARGET_NAME)";
				SWIFT_EMIT_LOC_STRINGS = NO;
				SWIFT_VERSION = 5.0;
				TARGETED_DEVICE_FAMILY = "1,2";
				TEST_HOST = "$(BUILT_PRODUCTS_DIR)/CoreDataPractice.app/CoreDataPractice";
			};
			name = Release;
		};
		04B5C62B2AD43F66002482B3 /* Debug */ = {
			isa = XCBuildConfiguration;
			buildSettings = {
				ALWAYS_EMBED_SWIFT_STANDARD_LIBRARIES = YES;
				CODE_SIGN_STYLE = Automatic;
				CURRENT_PROJECT_VERSION = 1;
				GENERATE_INFOPLIST_FILE = YES;
				MARKETING_VERSION = 1.0;
				PRODUCT_BUNDLE_IDENTIFIER = com.app.razorpay.CoreDataPracticeUITests;
				PRODUCT_NAME = "$(TARGET_NAME)";
				SWIFT_EMIT_LOC_STRINGS = NO;
				SWIFT_VERSION = 5.0;
				TARGETED_DEVICE_FAMILY = "1,2";
				TEST_TARGET_NAME = CoreDataPractice;
			};
			name = Debug;
		};
		04B5C62C2AD43F66002482B3 /* Release */ = {
			isa = XCBuildConfiguration;
			buildSettings = {
				ALWAYS_EMBED_SWIFT_STANDARD_LIBRARIES = YES;
				CODE_SIGN_STYLE = Automatic;
				CURRENT_PROJECT_VERSION = 1;
				GENERATE_INFOPLIST_FILE = YES;
				MARKETING_VERSION = 1.0;
				PRODUCT_BUNDLE_IDENTIFIER = com.app.razorpay.CoreDataPracticeUITests;
				PRODUCT_NAME = "$(TARGET_NAME)";
				SWIFT_EMIT_LOC_STRINGS = NO;
				SWIFT_VERSION = 5.0;
				TARGETED_DEVICE_FAMILY = "1,2";
				TEST_TARGET_NAME = CoreDataPractice;
			};
			name = Release;
		};
/* End XCBuildConfiguration section */

/* Begin XCConfigurationList section */
		04B5C5F22AD43F62002482B3 /* Build configuration list for PBXProject "CoreDataPractice" */ = {
			isa = XCConfigurationList;
			buildConfigurations = (
				04B5C6222AD43F66002482B3 /* Debug */,
				04B5C6232AD43F66002482B3 /* Release */,
			);
			defaultConfigurationIsVisible = 0;
			defaultConfigurationName = Release;
		};
		04B5C6242AD43F66002482B3 /* Build configuration list for PBXNativeTarget "CoreDataPractice" */ = {
			isa = XCConfigurationList;
			buildConfigurations = (
				04B5C6252AD43F66002482B3 /* Debug */,
				04B5C6262AD43F66002482B3 /* Release */,
			);
			defaultConfigurationIsVisible = 0;
			defaultConfigurationName = Release;
		};
		04B5C6272AD43F66002482B3 /* Build configuration list for PBXNativeTarget "CoreDataPracticeTests" */ = {
			isa = XCConfigurationList;
			buildConfigurations = (
				04B5C6282AD43F66002482B3 /* Debug */,
				04B5C6292AD43F66002482B3 /* Release */,
			);
			defaultConfigurationIsVisible = 0;
			defaultConfigurationName = Release;
		};
		04B5C62A2AD43F66002482B3 /* Build configuration list for PBXNativeTarget "CoreDataPracticeUITests" */ = {
			isa = XCConfigurationList;
			buildConfigurations = (
				04B5C62B2AD43F66002482B3 /* Debug */,
				04B5C62C2AD43F66002482B3 /* Release */,
			);
			defaultConfigurationIsVisible = 0;
			defaultConfigurationName = Release;
		};
/* End XCConfigurationList section */

/* Begin XCVersionGroup section */
		04B5C6032AD43F62002482B3 /* CoreDataPractice.xcdatamodeld */ = {
			isa = XCVersionGroup;
			children = (
				04B5C6042AD43F62002482B3 /* CoreDataPractice.xcdatamodel */,
			);
			currentVersion = 04B5C6042AD43F62002482B3 /* CoreDataPractice.xcdatamodel */;
			path = CoreDataPractice.xcdatamodeld;
			sourceTree = "<group>";
			versionGroupType = wrapper.xcdatamodel;
		};
/* End XCVersionGroup section */
	};
	rootObject = 04B5C5EF2AD43F62002482B3 /* Project object */;
}
